// !$*UTF8*$!
{
	archiveVersion = 1;
	classes = {
	};
	objectVersion = 46;
	objects = {

/* Begin PBXAggregateTarget section */
		42720F6F163823AF008C8E63 /* all */ = {
			isa = PBXAggregateTarget;
			buildConfigurationList = 42720F70163823AF008C8E63 /* Build configuration list for PBXAggregateTarget "all" */;
			buildPhases = (
			);
			dependencies = (
				428CB4F018F5855900E6093D /* PBXTargetDependency */,
				428CB4F218F5855900E6093D /* PBXTargetDependency */,
				428CB4F418F5855900E6093D /* PBXTargetDependency */,
				42A160C516B87E2F0007755C /* PBXTargetDependency */,
			);
			name = all;
			productName = all;
		};
/* End PBXAggregateTarget section */

/* Begin PBXBuildFile section */
		423243CC18EF1E510047D8ED /* libea.a in Frameworks */ = {isa = PBXBuildFile; fileRef = 42A170D218E6EEB200C3A248 /* libea.a */; };
		423243CD18EF1E510047D8ED /* libz.dylib in Frameworks */ = {isa = PBXBuildFile; fileRef = 42B7A9B616305C4B00BDBA8A /* libz.dylib */; };
		423243D518EF1E760047D8ED /* ca_2d_fsm.cpp in Sources */ = {isa = PBXBuildFile; fileRef = 423243D318EF1E760047D8ED /* ca_2d_fsm.cpp */; };
		423243DE18F2331D0047D8ED /* libea.a in Frameworks */ = {isa = PBXBuildFile; fileRef = 42A170D218E6EEB200C3A248 /* libea.a */; };
		423243DF18F2331D0047D8ED /* libz.dylib in Frameworks */ = {isa = PBXBuildFile; fileRef = 42B7A9B616305C4B00BDBA8A /* libz.dylib */; };
		423243E718F2333B0047D8ED /* ca_3d_fsm.cpp in Sources */ = {isa = PBXBuildFile; fileRef = 423243E518F2333B0047D8ED /* ca_3d_fsm.cpp */; };
		42A1609316B82FDB0007755C /* ca_1d_fsm.cpp in Sources */ = {isa = PBXBuildFile; fileRef = 42F4EE6916AEE845000123A4 /* ca_1d_fsm.cpp */; };
		42A170D318E6EEB200C3A248 /* libea.a in Frameworks */ = {isa = PBXBuildFile; fileRef = 42A170D218E6EEB200C3A248 /* libea.a */; };
		42A170DA18E834F500C3A248 /* libea.a in Frameworks */ = {isa = PBXBuildFile; fileRef = 42A170D218E6EEB200C3A248 /* libea.a */; };
		42A170DB18E834F500C3A248 /* libz.dylib in Frameworks */ = {isa = PBXBuildFile; fileRef = 42B7A9B616305C4B00BDBA8A /* libz.dylib */; };
		42A170E118E8351C00C3A248 /* ca_1d_ga.cpp in Sources */ = {isa = PBXBuildFile; fileRef = 42A170D418E834EA00C3A248 /* ca_1d_ga.cpp */; };
		42F4EE5F16AEE80D000123A4 /* libz.dylib in Frameworks */ = {isa = PBXBuildFile; fileRef = 42B7A9B616305C4B00BDBA8A /* libz.dylib */; };
/* End PBXBuildFile section */

/* Begin PBXContainerItemProxy section */
		428CB4EF18F5855900E6093D /* PBXContainerItemProxy */ = {
			isa = PBXContainerItemProxy;
			containerPortal = 4244196715859482009863BE /* Project object */;
			proxyType = 1;
			remoteGlobalIDString = 42A170D618E834F500C3A248;
			remoteInfo = "self-assembly-ca-1d-ga";
		};
		428CB4F118F5855900E6093D /* PBXContainerItemProxy */ = {
			isa = PBXContainerItemProxy;
			containerPortal = 4244196715859482009863BE /* Project object */;
			proxyType = 1;
			remoteGlobalIDString = 423243C818EF1E510047D8ED;
			remoteInfo = "self-assembly-ca-2d-fsm";
		};
		428CB4F318F5855900E6093D /* PBXContainerItemProxy */ = {
			isa = PBXContainerItemProxy;
			containerPortal = 4244196715859482009863BE /* Project object */;
			proxyType = 1;
			remoteGlobalIDString = 423243DA18F2331D0047D8ED;
			remoteInfo = "self-assembly-ca-3d-fsm";
		};
		42A160C416B87E2F0007755C /* PBXContainerItemProxy */ = {
			isa = PBXContainerItemProxy;
			containerPortal = 4244196715859482009863BE /* Project object */;
			proxyType = 1;
			remoteGlobalIDString = 42F4EE5B16AEE80D000123A4;
			remoteInfo = "matrix-mkv";
		};
/* End PBXContainerItemProxy section */

/* Begin PBXCopyFilesBuildPhase section */
		423243CE18EF1E510047D8ED /* CopyFiles */ = {
			isa = PBXCopyFilesBuildPhase;
			buildActionMask = 2147483647;
			dstPath = /usr/share/man/man1/;
			dstSubfolderSpec = 0;
			files = (
			);
			runOnlyForDeploymentPostprocessing = 1;
		};
		423243E018F2331D0047D8ED /* CopyFiles */ = {
			isa = PBXCopyFilesBuildPhase;
			buildActionMask = 2147483647;
			dstPath = /usr/share/man/man1/;
			dstSubfolderSpec = 0;
			files = (
			);
			runOnlyForDeploymentPostprocessing = 1;
		};
		42A170DC18E834F500C3A248 /* CopyFiles */ = {
			isa = PBXCopyFilesBuildPhase;
			buildActionMask = 2147483647;
			dstPath = /usr/share/man/man1/;
			dstSubfolderSpec = 0;
			files = (
			);
			runOnlyForDeploymentPostprocessing = 1;
		};
		42F4EE6216AEE80D000123A4 /* CopyFiles */ = {
			isa = PBXCopyFilesBuildPhase;
			buildActionMask = 2147483647;
			dstPath = /usr/share/man/man1/;
			dstSubfolderSpec = 0;
			files = (
			);
			runOnlyForDeploymentPostprocessing = 1;
		};
/* End PBXCopyFilesBuildPhase section */

/* Begin PBXFileReference section */
		4228EF8F18EB95D500F81F81 /* ca_1d_fsm.cfg */ = {isa = PBXFileReference; lastKnownFileType = text; path = ca_1d_fsm.cfg; sourceTree = "<group>"; };
		423243D218EF1E510047D8ED /* self-assembly-ca-2d-fsm */ = {isa = PBXFileReference; explicitFileType = "compiled.mach-o.executable"; includeInIndex = 0; path = "self-assembly-ca-2d-fsm"; sourceTree = BUILT_PRODUCTS_DIR; };
		423243D318EF1E760047D8ED /* ca_2d_fsm.cpp */ = {isa = PBXFileReference; fileEncoding = 4; lastKnownFileType = sourcecode.cpp.cpp; path = ca_2d_fsm.cpp; sourceTree = "<group>"; };
		423243D718F027A30047D8ED /* ca_2d_fsm.cfg */ = {isa = PBXFileReference; lastKnownFileType = text; path = ca_2d_fsm.cfg; sourceTree = "<group>"; };
		423243E418F2331D0047D8ED /* self-assembly-ca-3d-fsm */ = {isa = PBXFileReference; explicitFileType = "compiled.mach-o.executable"; includeInIndex = 0; path = "self-assembly-ca-3d-fsm"; sourceTree = BUILT_PRODUCTS_DIR; };
		423243E518F2333B0047D8ED /* ca_3d_fsm.cpp */ = {isa = PBXFileReference; fileEncoding = 4; lastKnownFileType = sourcecode.cpp.cpp; path = ca_3d_fsm.cpp; sourceTree = "<group>"; };
		423243E818F233730047D8ED /* ca_3d_fsm.cfg */ = {isa = PBXFileReference; lastKnownFileType = text; path = ca_3d_fsm.cfg; sourceTree = "<group>"; };
		42441B3E15862E1B009863BE /* Jamroot */ = {isa = PBXFileReference; lastKnownFileType = text; path = Jamroot; sourceTree = "<group>"; };
		42706B11166AF51C003FB2E3 /* template.xcconfig */ = {isa = PBXFileReference; lastKnownFileType = text.xcconfig; path = template.xcconfig; sourceTree = "<group>"; };
		4281FF0216C4929F0066610C /* ca_1d_ga.cfg */ = {isa = PBXFileReference; lastKnownFileType = text; path = ca_1d_ga.cfg; sourceTree = "<group>"; };
		42908C4916BEA43A00712DA8 /* ca.h */ = {isa = PBXFileReference; lastKnownFileType = sourcecode.c.h; path = ca.h; sourceTree = "<group>"; };
		42A170D218E6EEB200C3A248 /* libea.a */ = {isa = PBXFileReference; lastKnownFileType = archive.ar; name = libea.a; path = ../DerivedData/research/Build/Products/Debug/libea.a; sourceTree = "<group>"; };
		42A170D418E834EA00C3A248 /* ca_1d_ga.cpp */ = {isa = PBXFileReference; lastKnownFileType = sourcecode.cpp.cpp; path = ca_1d_ga.cpp; sourceTree = "<group>"; };
		42A170E018E834F500C3A248 /* self-assembly-ca-1d-ga */ = {isa = PBXFileReference; explicitFileType = "compiled.mach-o.executable"; includeInIndex = 0; path = "self-assembly-ca-1d-ga"; sourceTree = BUILT_PRODUCTS_DIR; };
		42B7A9B616305C4B00BDBA8A /* libz.dylib */ = {isa = PBXFileReference; lastKnownFileType = "compiled.mach-o.dylib"; name = libz.dylib; path = usr/lib/libz.dylib; sourceTree = SDKROOT; };
		42C0BD14166129C400009440 /* analysis.h */ = {isa = PBXFileReference; lastKnownFileType = sourcecode.c.h; path = analysis.h; sourceTree = "<group>"; };
		42F4EE6616AEE80D000123A4 /* self-assembly-ca-1d-fsm */ = {isa = PBXFileReference; explicitFileType = "compiled.mach-o.executable"; includeInIndex = 0; path = "self-assembly-ca-1d-fsm"; sourceTree = BUILT_PRODUCTS_DIR; };
		42F4EE6916AEE845000123A4 /* ca_1d_fsm.cpp */ = {isa = PBXFileReference; fileEncoding = 4; lastKnownFileType = sourcecode.cpp.cpp; path = ca_1d_fsm.cpp; sourceTree = "<group>"; };
/* End PBXFileReference section */

/* Begin PBXFrameworksBuildPhase section */
		423243CB18EF1E510047D8ED /* Frameworks */ = {
			isa = PBXFrameworksBuildPhase;
			buildActionMask = 2147483647;
			files = (
				423243CC18EF1E510047D8ED /* libea.a in Frameworks */,
				423243CD18EF1E510047D8ED /* libz.dylib in Frameworks */,
			);
			runOnlyForDeploymentPostprocessing = 0;
		};
		423243DD18F2331D0047D8ED /* Frameworks */ = {
			isa = PBXFrameworksBuildPhase;
			buildActionMask = 2147483647;
			files = (
				423243DE18F2331D0047D8ED /* libea.a in Frameworks */,
				423243DF18F2331D0047D8ED /* libz.dylib in Frameworks */,
			);
			runOnlyForDeploymentPostprocessing = 0;
		};
		42A170D918E834F500C3A248 /* Frameworks */ = {
			isa = PBXFrameworksBuildPhase;
			buildActionMask = 2147483647;
			files = (
				42A170DA18E834F500C3A248 /* libea.a in Frameworks */,
				42A170DB18E834F500C3A248 /* libz.dylib in Frameworks */,
			);
			runOnlyForDeploymentPostprocessing = 0;
		};
		42F4EE5E16AEE80D000123A4 /* Frameworks */ = {
			isa = PBXFrameworksBuildPhase;
			buildActionMask = 2147483647;
			files = (
				42A170D318E6EEB200C3A248 /* libea.a in Frameworks */,
				42F4EE5F16AEE80D000123A4 /* libz.dylib in Frameworks */,
			);
			runOnlyForDeploymentPostprocessing = 0;
		};
/* End PBXFrameworksBuildPhase section */

/* Begin PBXGroup section */
		4244196515859482009863BE = {
			isa = PBXGroup;
			children = (
				42441B3E15862E1B009863BE /* Jamroot */,
				42441A7A15861669009863BE /* etc */,
				424419941585961A009863BE /* lib */,
				42441A01158613F5009863BE /* src */,
				4244197115859482009863BE /* Products */,
			);
			sourceTree = "<group>";
		};
		4244197115859482009863BE /* Products */ = {
			isa = PBXGroup;
			children = (
				42F4EE6616AEE80D000123A4 /* self-assembly-ca-1d-fsm */,
				42A170E018E834F500C3A248 /* self-assembly-ca-1d-ga */,
				423243D218EF1E510047D8ED /* self-assembly-ca-2d-fsm */,
				423243E418F2331D0047D8ED /* self-assembly-ca-3d-fsm */,
			);
			name = Products;
			sourceTree = "<group>";
		};
		424419941585961A009863BE /* lib */ = {
			isa = PBXGroup;
			children = (
				42A170D218E6EEB200C3A248 /* libea.a */,
				42B7A9B616305C4B00BDBA8A /* libz.dylib */,
			);
			name = lib;
			path = ../apps;
			sourceTree = "<group>";
		};
		42441A01158613F5009863BE /* src */ = {
			isa = PBXGroup;
			children = (
				42C0BD14166129C400009440 /* analysis.h */,
				42908C4916BEA43A00712DA8 /* ca.h */,
				42A170D418E834EA00C3A248 /* ca_1d_ga.cpp */,
				42F4EE6916AEE845000123A4 /* ca_1d_fsm.cpp */,
				423243D318EF1E760047D8ED /* ca_2d_fsm.cpp */,
				423243E518F2333B0047D8ED /* ca_3d_fsm.cpp */,
			);
			path = src;
			sourceTree = "<group>";
		};
		42441A7A15861669009863BE /* etc */ = {
			isa = PBXGroup;
			children = (
				4281FF0216C4929F0066610C /* ca_1d_ga.cfg */,
				4228EF8F18EB95D500F81F81 /* ca_1d_fsm.cfg */,
				423243D718F027A30047D8ED /* ca_2d_fsm.cfg */,
				423243E818F233730047D8ED /* ca_3d_fsm.cfg */,
				42706B11166AF51C003FB2E3 /* template.xcconfig */,
			);
			path = etc;
			sourceTree = "<group>";
		};
/* End PBXGroup section */

/* Begin PBXNativeTarget section */
		423243C818EF1E510047D8ED /* self-assembly-ca-2d-fsm */ = {
			isa = PBXNativeTarget;
			buildConfigurationList = 423243CF18EF1E510047D8ED /* Build configuration list for PBXNativeTarget "self-assembly-ca-2d-fsm" */;
			buildPhases = (
				423243C918EF1E510047D8ED /* Sources */,
				423243CB18EF1E510047D8ED /* Frameworks */,
				423243CE18EF1E510047D8ED /* CopyFiles */,
			);
			buildRules = (
			);
			dependencies = (
			);
			name = "self-assembly-ca-2d-fsm";
			productName = "ocr-single";
			productReference = 423243D218EF1E510047D8ED /* self-assembly-ca-2d-fsm */;
			productType = "com.apple.product-type.tool";
		};
		423243DA18F2331D0047D8ED /* self-assembly-ca-3d-fsm */ = {
			isa = PBXNativeTarget;
			buildConfigurationList = 423243E118F2331D0047D8ED /* Build configuration list for PBXNativeTarget "self-assembly-ca-3d-fsm" */;
			buildPhases = (
				423243DB18F2331D0047D8ED /* Sources */,
				423243DD18F2331D0047D8ED /* Frameworks */,
				423243E018F2331D0047D8ED /* CopyFiles */,
			);
			buildRules = (
			);
			dependencies = (
			);
			name = "self-assembly-ca-3d-fsm";
			productName = "ocr-single";
			productReference = 423243E418F2331D0047D8ED /* self-assembly-ca-3d-fsm */;
			productType = "com.apple.product-type.tool";
		};
		42A170D618E834F500C3A248 /* self-assembly-ca-1d-ga */ = {
			isa = PBXNativeTarget;
			buildConfigurationList = 42A170DD18E834F500C3A248 /* Build configuration list for PBXNativeTarget "self-assembly-ca-1d-ga" */;
			buildPhases = (
				42A170D718E834F500C3A248 /* Sources */,
				42A170D918E834F500C3A248 /* Frameworks */,
				42A170DC18E834F500C3A248 /* CopyFiles */,
			);
			buildRules = (
			);
			dependencies = (
			);
			name = "self-assembly-ca-1d-ga";
			productName = "ocr-single";
			productReference = 42A170E018E834F500C3A248 /* self-assembly-ca-1d-ga */;
			productType = "com.apple.product-type.tool";
		};
		42F4EE5B16AEE80D000123A4 /* self-assembly-ca-1d-fsm */ = {
			isa = PBXNativeTarget;
			buildConfigurationList = 42F4EE6316AEE80D000123A4 /* Build configuration list for PBXNativeTarget "self-assembly-ca-1d-fsm" */;
			buildPhases = (
				42F4EE5C16AEE80D000123A4 /* Sources */,
				42F4EE5E16AEE80D000123A4 /* Frameworks */,
				42F4EE6216AEE80D000123A4 /* CopyFiles */,
			);
			buildRules = (
			);
			dependencies = (
			);
			name = "self-assembly-ca-1d-fsm";
			productName = "ocr-single";
			productReference = 42F4EE6616AEE80D000123A4 /* self-assembly-ca-1d-fsm */;
			productType = "com.apple.product-type.tool";
		};
/* End PBXNativeTarget section */

/* Begin PBXProject section */
		4244196715859482009863BE /* Project object */ = {
			isa = PBXProject;
			attributes = {
				ORGANIZATIONNAME = "Michigan State University";
			};
			buildConfigurationList = 4244196A15859482009863BE /* Build configuration list for PBXProject "self-assembly" */;
			compatibilityVersion = "Xcode 3.2";
			developmentRegion = English;
			hasScannedForEncodings = 0;
			knownRegions = (
				en,
			);
			mainGroup = 4244196515859482009863BE;
			productRefGroup = 4244197115859482009863BE /* Products */;
			projectDirPath = "";
			projectRoot = "";
			targets = (
				42720F6F163823AF008C8E63 /* all */,
				42A170D618E834F500C3A248 /* self-assembly-ca-1d-ga */,
				42F4EE5B16AEE80D000123A4 /* self-assembly-ca-1d-fsm */,
				423243C818EF1E510047D8ED /* self-assembly-ca-2d-fsm */,
				423243DA18F2331D0047D8ED /* self-assembly-ca-3d-fsm */,
			);
		};
/* End PBXProject section */

/* Begin PBXSourcesBuildPhase section */
		423243C918EF1E510047D8ED /* Sources */ = {
			isa = PBXSourcesBuildPhase;
			buildActionMask = 2147483647;
			files = (
				423243D518EF1E760047D8ED /* ca_2d_fsm.cpp in Sources */,
			);
			runOnlyForDeploymentPostprocessing = 0;
		};
		423243DB18F2331D0047D8ED /* Sources */ = {
			isa = PBXSourcesBuildPhase;
			buildActionMask = 2147483647;
			files = (
				423243E718F2333B0047D8ED /* ca_3d_fsm.cpp in Sources */,
			);
			runOnlyForDeploymentPostprocessing = 0;
		};
		42A170D718E834F500C3A248 /* Sources */ = {
			isa = PBXSourcesBuildPhase;
			buildActionMask = 2147483647;
			files = (
				42A170E118E8351C00C3A248 /* ca_1d_ga.cpp in Sources */,
			);
			runOnlyForDeploymentPostprocessing = 0;
		};
		42F4EE5C16AEE80D000123A4 /* Sources */ = {
			isa = PBXSourcesBuildPhase;
			buildActionMask = 2147483647;
			files = (
				42A1609316B82FDB0007755C /* ca_1d_fsm.cpp in Sources */,
			);
			runOnlyForDeploymentPostprocessing = 0;
		};
/* End PBXSourcesBuildPhase section */

/* Begin PBXTargetDependency section */
		428CB4F018F5855900E6093D /* PBXTargetDependency */ = {
			isa = PBXTargetDependency;
			target = 42A170D618E834F500C3A248 /* self-assembly-ca-1d-ga */;
			targetProxy = 428CB4EF18F5855900E6093D /* PBXContainerItemProxy */;
		};
		428CB4F218F5855900E6093D /* PBXTargetDependency */ = {
			isa = PBXTargetDependency;
			target = 423243C818EF1E510047D8ED /* self-assembly-ca-2d-fsm */;
			targetProxy = 428CB4F118F5855900E6093D /* PBXContainerItemProxy */;
		};
		428CB4F418F5855900E6093D /* PBXTargetDependency */ = {
			isa = PBXTargetDependency;
			target = 423243DA18F2331D0047D8ED /* self-assembly-ca-3d-fsm */;
			targetProxy = 428CB4F318F5855900E6093D /* PBXContainerItemProxy */;
		};
		42A160C516B87E2F0007755C /* PBXTargetDependency */ = {
			isa = PBXTargetDependency;
			target = 42F4EE5B16AEE80D000123A4 /* self-assembly-ca-1d-fsm */;
			targetProxy = 42A160C416B87E2F0007755C /* PBXContainerItemProxy */;
		};
/* End PBXTargetDependency section */

/* Begin XCBuildConfiguration section */
		423243D018EF1E510047D8ED /* Debug */ = {
			isa = XCBuildConfiguration;
			buildSettings = {
			};
			name = Debug;
		};
		423243D118EF1E510047D8ED /* Release */ = {
			isa = XCBuildConfiguration;
			buildSettings = {
			};
			name = Release;
		};
		423243E218F2331D0047D8ED /* Debug */ = {
			isa = XCBuildConfiguration;
			buildSettings = {
			};
			name = Debug;
		};
		423243E318F2331D0047D8ED /* Release */ = {
			isa = XCBuildConfiguration;
			buildSettings = {
			};
			name = Release;
		};
		4244197815859482009863BE /* Debug */ = {
			isa = XCBuildConfiguration;
			baseConfigurationReference = 42706B11166AF51C003FB2E3 /* template.xcconfig */;
			buildSettings = {
			};
			name = Debug;
		};
		4244197915859482009863BE /* Release */ = {
			isa = XCBuildConfiguration;
			baseConfigurationReference = 42706B11166AF51C003FB2E3 /* template.xcconfig */;
			buildSettings = {
			};
			name = Release;
		};
		42720F71163823AF008C8E63 /* Debug */ = {
			isa = XCBuildConfiguration;
			buildSettings = {
			};
			name = Debug;
		};
		42720F72163823AF008C8E63 /* Release */ = {
			isa = XCBuildConfiguration;
			buildSettings = {
			};
			name = Release;
		};
		42A170DE18E834F500C3A248 /* Debug */ = {
			isa = XCBuildConfiguration;
			buildSettings = {
			};
			name = Debug;
		};
		42A170DF18E834F500C3A248 /* Release */ = {
			isa = XCBuildConfiguration;
			buildSettings = {
			};
			name = Release;
		};
		42F4EE6416AEE80D000123A4 /* Debug */ = {
			isa = XCBuildConfiguration;
			buildSettings = {
			};
			name = Debug;
		};
		42F4EE6516AEE80D000123A4 /* Release */ = {
			isa = XCBuildConfiguration;
			buildSettings = {
			};
			name = Release;
		};
/* End XCBuildConfiguration section */

/* Begin XCConfigurationList section */
		423243CF18EF1E510047D8ED /* Build configuration list for PBXNativeTarget "self-assembly-ca-2d-fsm" */ = {
			isa = XCConfigurationList;
			buildConfigurations = (
				423243D018EF1E510047D8ED /* Debug */,
				423243D118EF1E510047D8ED /* Release */,
			);
			defaultConfigurationIsVisible = 0;
			defaultConfigurationName = Release;
		};
		423243E118F2331D0047D8ED /* Build configuration list for PBXNativeTarget "self-assembly-ca-3d-fsm" */ = {
			isa = XCConfigurationList;
			buildConfigurations = (
				423243E218F2331D0047D8ED /* Debug */,
				423243E318F2331D0047D8ED /* Release */,
			);
			defaultConfigurationIsVisible = 0;
			defaultConfigurationName = Release;
		};
		4244196A15859482009863BE /* Build configuration list for PBXProject "self-assembly" */ = {
			isa = XCConfigurationList;
			buildConfigurations = (
				4244197815859482009863BE /* Debug */,
				4244197915859482009863BE /* Release */,
			);
			defaultConfigurationIsVisible = 0;
			defaultConfigurationName = Release;
		};
		42720F70163823AF008C8E63 /* Build configuration list for PBXAggregateTarget "all" */ = {
			isa = XCConfigurationList;
			buildConfigurations = (
				42720F71163823AF008C8E63 /* Debug */,
				42720F72163823AF008C8E63 /* Release */,
			);
			defaultConfigurationIsVisible = 0;
			defaultConfigurationName = Release;
		};
		42A170DD18E834F500C3A248 /* Build configuration list for PBXNativeTarget "self-assembly-ca-1d-ga" */ = {
			isa = XCConfigurationList;
			buildConfigurations = (
				42A170DE18E834F500C3A248 /* Debug */,
				42A170DF18E834F500C3A248 /* Release */,
			);
			defaultConfigurationIsVisible = 0;
			defaultConfigurationName = Release;
		};
		42F4EE6316AEE80D000123A4 /* Build configuration list for PBXNativeTarget "self-assembly-ca-1d-fsm" */ = {
			isa = XCConfigurationList;
			buildConfigurations = (
				42F4EE6416AEE80D000123A4 /* Debug */,
				42F4EE6516AEE80D000123A4 /* Release */,
			);
			defaultConfigurationIsVisible = 0;
			defaultConfigurationName = Release;
		};
/* End XCConfigurationList section */
	};
	rootObject = 4244196715859482009863BE /* Project object */;
}
